# THIS IS AN AUTOGENERATED FILE. DO NOT EDIT THIS FILE DIRECTLY.
# yarn lockfile v1


accepts@~1.3.5:
  version "1.3.5"
  resolved "https://registry.yarnpkg.com/accepts/-/accepts-1.3.5.tgz#eb777df6011723a3b14e8a72c0805c8e86746bd2"
  dependencies:
    mime-types "~2.1.18"
    negotiator "0.6.1"

ajv@^5.1.0:
  version "5.5.2"
  resolved "https://registry.yarnpkg.com/ajv/-/ajv-5.5.2.tgz#73b5eeca3fab653e3d3f9422b341ad42205dc965"
  dependencies:
    co "^4.6.0"
    fast-deep-equal "^1.0.0"
    fast-json-stable-stringify "^2.0.0"
    json-schema-traverse "^0.3.0"

array-flatten@1.1.1:
  version "1.1.1"
  resolved "https://registry.yarnpkg.com/array-flatten/-/array-flatten-1.1.1.tgz#9a5f699051b1e7073328f2a008968b64ea2955d2"

asn1@~0.2.3:
  version "0.2.3"
  resolved "https://registry.yarnpkg.com/asn1/-/asn1-0.2.3.tgz#dac8787713c9966849fc8180777ebe9c1ddf3b86"

assert-plus@1.0.0, assert-plus@^1.0.0:
  version "1.0.0"
  resolved "https://registry.yarnpkg.com/assert-plus/-/assert-plus-1.0.0.tgz#f12e0f3c5d77b0b1cdd9146942e4e96c1e4dd525"

asynckit@^0.4.0:
  version "0.4.0"
  resolved "https://registry.yarnpkg.com/asynckit/-/asynckit-0.4.0.tgz#c79ed97f7f34cb8f2ba1bc9790bcc366474b4b79"

aws-sign2@~0.7.0:
  version "0.7.0"
  resolved "https://registry.yarnpkg.com/aws-sign2/-/aws-sign2-0.7.0.tgz#b46e890934a9591f2d2f6f86d7e6a9f1b3fe76a8"

aws4@^1.6.0:
  version "1.7.0"
  resolved "https://registry.yarnpkg.com/aws4/-/aws4-1.7.0.tgz#d4d0e9b9dbfca77bf08eeb0a8a471550fe39e289"

bcrypt-pbkdf@^1.0.0:
  version "1.0.1"
  resolved "https://registry.yarnpkg.com/bcrypt-pbkdf/-/bcrypt-pbkdf-1.0.1.tgz#63bc5dcb61331b92bc05fd528953c33462a06f8d"
  dependencies:
    tweetnacl "^0.14.3"

body-parser@1.18.2:
  version "1.18.2"
  resolved "https://registry.yarnpkg.com/body-parser/-/body-parser-1.18.2.tgz#87678a19d84b47d859b83199bd59bce222b10454"
  dependencies:
    bytes "3.0.0"
    content-type "~1.0.4"
    debug "2.6.9"
    depd "~1.1.1"
    http-errors "~1.6.2"
    iconv-lite "0.4.19"
    on-finished "~2.3.0"
    qs "6.5.1"
    raw-body "2.3.2"
    type-is "~1.6.15"

boom@4.x.x:
  version "4.3.1"
  resolved "https://registry.yarnpkg.com/boom/-/boom-4.3.1.tgz#4f8a3005cb4a7e3889f749030fd25b96e01d2e31"
  dependencies:
    hoek "4.x.x"

boom@5.x.x:
  version "5.2.0"
  resolved "https://registry.yarnpkg.com/boom/-/boom-5.2.0.tgz#5dd9da6ee3a5f302077436290cb717d3f4a54e02"
  dependencies:
    hoek "4.x.x"

bytes@3.0.0:
  version "3.0.0"
  resolved "https://registry.yarnpkg.com/bytes/-/bytes-3.0.0.tgz#d32815404d689699f85a4ea4fa8755dd13a96048"

caseless@~0.12.0:
  version "0.12.0"
  resolved "https://registry.yarnpkg.com/caseless/-/caseless-0.12.0.tgz#1b681c21ff84033c826543090689420d187151dc"

co@^4.6.0:
  version "4.6.0"
  resolved "https://registry.yarnpkg.com/co/-/co-4.6.0.tgz#6ea6bdf3d853ae54ccb8e47bfa0bf3f9031fb184"

combined-stream@1.0.6, combined-stream@~1.0.5:
  version "1.0.6"
  resolved "https://registry.yarnpkg.com/combined-stream/-/combined-stream-1.0.6.tgz#723e7df6e801ac5613113a7e445a9b69cb632818"
  dependencies:
    delayed-stream "~1.0.0"

content-disposition@0.5.2:
  version "0.5.2"
  resolved "https://registry.yarnpkg.com/content-disposition/-/content-disposition-0.5.2.tgz#0cf68bb9ddf5f2be7961c3a85178cb85dba78cb4"

content-type@~1.0.4:
  version "1.0.4"
  resolved "https://registry.yarnpkg.com/content-type/-/content-type-1.0.4.tgz#e138cc75e040c727b1966fe5e5f8c9aee256fe3b"

cookie-parser@1.3.2:
  version "1.3.2"
  resolved "https://registry.yarnpkg.com/cookie-parser/-/cookie-parser-1.3.2.tgz#52211cc82c955d79ff0c088954407724e19cf562"
  dependencies:
    cookie "0.1.2"
    cookie-signature "1.0.4"

cookie-signature@1.0.4:
  version "1.0.4"
  resolved "https://registry.yarnpkg.com/cookie-signature/-/cookie-signature-1.0.4.tgz#0edd22286e3a111b9a2a70db363e925e867f6aca"

cookie-signature@1.0.6:
  version "1.0.6"
  resolved "https://registry.yarnpkg.com/cookie-signature/-/cookie-signature-1.0.6.tgz#e303a882b342cc3ee8ca513a79999734dab3ae2c"

cookie@0.1.2:
  version "0.1.2"
  resolved "https://registry.yarnpkg.com/cookie/-/cookie-0.1.2.tgz#72fec3d24e48a3432073d90c12642005061004b1"

cookie@0.3.1:
  version "0.3.1"
  resolved "https://registry.yarnpkg.com/cookie/-/cookie-0.3.1.tgz#e7e0a1f9ef43b4c8ba925c5c5a96e806d16873bb"

core-util-is@1.0.2:
  version "1.0.2"
  resolved "https://registry.yarnpkg.com/core-util-is/-/core-util-is-1.0.2.tgz#b5fd54220aa2bc5ab57aab7140c940754503c1a7"

cors@^2.8.4:
  version "2.8.4"
  resolved "https://registry.yarnpkg.com/cors/-/cors-2.8.4.tgz#2bd381f2eb201020105cd50ea59da63090694686"
  dependencies:
    object-assign "^4"
    vary "^1"

cryptiles@3.x.x:
  version "3.1.2"
  resolved "https://registry.yarnpkg.com/cryptiles/-/cryptiles-3.1.2.tgz#a89fbb220f5ce25ec56e8c4aa8a4fd7b5b0d29fe"
  dependencies:
    boom "5.x.x"

dashdash@^1.12.0:
  version "1.14.1"
  resolved "https://registry.yarnpkg.com/dashdash/-/dashdash-1.14.1.tgz#853cfa0f7cbe2fed5de20326b8dd581035f6e2f0"
  dependencies:
    assert-plus "^1.0.0"

debug@2.6.9:
  version "2.6.9"
  resolved "https://registry.yarnpkg.com/debug/-/debug-2.6.9.tgz#5d128515df134ff327e90a4c93f4e077a536341f"
  dependencies:
    ms "2.0.0"

delayed-stream@~1.0.0:
  version "1.0.0"
  resolved "https://registry.yarnpkg.com/delayed-stream/-/delayed-stream-1.0.0.tgz#df3ae199acadfb7d440aaae0b29e2272b24ec619"

depd@1.1.1:
  version "1.1.1"
  resolved "https://registry.yarnpkg.com/depd/-/depd-1.1.1.tgz#5783b4e1c459f06fa5ca27f991f3d06e7a310359"

depd@~1.1.1, depd@~1.1.2:
  version "1.1.2"
  resolved "https://registry.yarnpkg.com/depd/-/depd-1.1.2.tgz#9bcd52e14c097763e749b274c4346ed2e560b5a9"

destroy@~1.0.4:
  version "1.0.4"
  resolved "https://registry.yarnpkg.com/destroy/-/destroy-1.0.4.tgz#978857442c44749e4206613e37946205826abd80"

ecc-jsbn@~0.1.1:
  version "0.1.1"
  resolved "https://registry.yarnpkg.com/ecc-jsbn/-/ecc-jsbn-0.1.1.tgz#0fc73a9ed5f0d53c38193398523ef7e543777505"
  dependencies:
    jsbn "~0.1.0"

ee-first@1.1.1:
  version "1.1.1"
  resolved "https://registry.yarnpkg.com/ee-first/-/ee-first-1.1.1.tgz#590c61156b0ae2f4f0255732a158b266bc56b21d"

encodeurl@~1.0.2:
  version "1.0.2"
  resolved "https://registry.yarnpkg.com/encodeurl/-/encodeurl-1.0.2.tgz#ad3ff4c86ec2d029322f5a02c3a9a606c95b3f59"

escape-html@~1.0.3:
  version "1.0.3"
  resolved "https://registry.yarnpkg.com/escape-html/-/escape-html-1.0.3.tgz#0258eae4d3d0c0974de1c169188ef0051d1d1988"

etag@~1.8.1:
  version "1.8.1"
  resolved "https://registry.yarnpkg.com/etag/-/etag-1.8.1.tgz#41ae2eeb65efa62268aebfea83ac7d79299b0887"

express@~4.16.0:
  version "4.16.3"
  resolved "https://registry.yarnpkg.com/express/-/express-4.16.3.tgz#6af8a502350db3246ecc4becf6b5a34d22f7ed53"
  dependencies:
    accepts "~1.3.5"
    array-flatten "1.1.1"
    body-parser "1.18.2"
    content-disposition "0.5.2"
    content-type "~1.0.4"
    cookie "0.3.1"
    cookie-signature "1.0.6"
    debug "2.6.9"
    depd "~1.1.2"
    encodeurl "~1.0.2"
    escape-html "~1.0.3"
    etag "~1.8.1"
    finalhandler "1.1.1"
    fresh "0.5.2"
    merge-descriptors "1.0.1"
    methods "~1.1.2"
    on-finished "~2.3.0"
    parseurl "~1.3.2"
    path-to-regexp "0.1.7"
    proxy-addr "~2.0.3"
    qs "6.5.1"
    range-parser "~1.2.0"
    safe-buffer "5.1.1"
    send "0.16.2"
    serve-static "1.13.2"
    setprototypeof "1.1.0"
    statuses "~1.4.0"
    type-is "~1.6.16"
    utils-merge "1.0.1"
    vary "~1.1.2"

extend@~3.0.1:
  version "3.0.1"
  resolved "https://registry.yarnpkg.com/extend/-/extend-3.0.1.tgz#a755ea7bc1adfcc5a31ce7e762dbaadc5e636444"

extsprintf@1.3.0:
  version "1.3.0"
  resolved "https://registry.yarnpkg.com/extsprintf/-/extsprintf-1.3.0.tgz#96918440e3041a7a414f8c52e3c574eb3c3e1e05"

extsprintf@^1.2.0:
  version "1.4.0"
  resolved "https://registry.yarnpkg.com/extsprintf/-/extsprintf-1.4.0.tgz#e2689f8f356fad62cca65a3a91c5df5f9551692f"

fast-deep-equal@^1.0.0:
  version "1.1.0"
  resolved "https://registry.yarnpkg.com/fast-deep-equal/-/fast-deep-equal-1.1.0.tgz#c053477817c86b51daa853c81e059b733d023614"

fast-json-stable-stringify@^2.0.0:
  version "2.0.0"
  resolved "https://registry.yarnpkg.com/fast-json-stable-stringify/-/fast-json-stable-stringify-2.0.0.tgz#d5142c0caee6b1189f87d3a76111064f86c8bbf2"

finalhandler@1.1.1:
  version "1.1.1"
  resolved "https://registry.yarnpkg.com/finalhandler/-/finalhandler-1.1.1.tgz#eebf4ed840079c83f4249038c9d703008301b105"
  dependencies:
    debug "2.6.9"
    encodeurl "~1.0.2"
    escape-html "~1.0.3"
    on-finished "~2.3.0"
    parseurl "~1.3.2"
    statuses "~1.4.0"
    unpipe "~1.0.0"

forever-agent@~0.6.1:
  version "0.6.1"
  resolved "https://registry.yarnpkg.com/forever-agent/-/forever-agent-0.6.1.tgz#fbc71f0c41adeb37f96c577ad1ed42d8fdacca91"

form-data@~2.3.1:
  version "2.3.2"
  resolved "https://registry.yarnpkg.com/form-data/-/form-data-2.3.2.tgz#4970498be604c20c005d4f5c23aecd21d6b49099"
  dependencies:
    asynckit "^0.4.0"
    combined-stream "1.0.6"
    mime-types "^2.1.12"

forwarded@~0.1.2:
  version "0.1.2"
  resolved "https://registry.yarnpkg.com/forwarded/-/forwarded-0.1.2.tgz#98c23dab1175657b8c0573e8ceccd91b0ff18c84"

fresh@0.5.2:
  version "0.5.2"
  resolved "https://registry.yarnpkg.com/fresh/-/fresh-0.5.2.tgz#3d8cadd90d976569fa835ab1f8e4b23a105605a7"

getpass@^0.1.1:
  version "0.1.7"
  resolved "https://registry.yarnpkg.com/getpass/-/getpass-0.1.7.tgz#5eff8e3e684d569ae4cb2b1282604e8ba62149fa"
  dependencies:
    assert-plus "^1.0.0"

har-schema@^2.0.0:
  version "2.0.0"
  resolved "https://registry.yarnpkg.com/har-schema/-/har-schema-2.0.0.tgz#a94c2224ebcac04782a0d9035521f24735b7ec92"

har-validator@~5.0.3:
  version "5.0.3"
  resolved "https://registry.yarnpkg.com/har-validator/-/har-validator-5.0.3.tgz#ba402c266194f15956ef15e0fcf242993f6a7dfd"
  dependencies:
    ajv "^5.1.0"
    har-schema "^2.0.0"

hawk@~6.0.2:
  version "6.0.2"
  resolved "https://registry.yarnpkg.com/hawk/-/hawk-6.0.2.tgz#af4d914eb065f9b5ce4d9d11c1cb2126eecc3038"
  dependencies:
    boom "4.x.x"
    cryptiles "3.x.x"
    hoek "4.x.x"
    sntp "2.x.x"

hoek@4.x.x:
  version "4.2.1"
  resolved "https://registry.yarnpkg.com/hoek/-/hoek-4.2.1.tgz#9634502aa12c445dd5a7c5734b572bb8738aacbb"

http-errors@1.6.2:
  version "1.6.2"
  resolved "https://registry.yarnpkg.com/http-errors/-/http-errors-1.6.2.tgz#0a002cc85707192a7e7946ceedc11155f60ec736"
  dependencies:
    depd "1.1.1"
    inherits "2.0.3"
    setprototypeof "1.0.3"
    statuses ">= 1.3.1 < 2"

http-errors@~1.6.2:
  version "1.6.3"
  resolved "https://registry.yarnpkg.com/http-errors/-/http-errors-1.6.3.tgz#8b55680bb4be283a0b5bf4ea2e38580be1d9320d"
  dependencies:
    depd "~1.1.2"
    inherits "2.0.3"
    setprototypeof "1.1.0"
    statuses ">= 1.4.0 < 2"

http-signature@~1.2.0:
  version "1.2.0"
  resolved "https://registry.yarnpkg.com/http-signature/-/http-signature-1.2.0.tgz#9aecd925114772f3d95b65a60abb8f7c18fbace1"
  dependencies:
    assert-plus "^1.0.0"
    jsprim "^1.2.2"
    sshpk "^1.7.0"

iconv-lite@0.4.19:
  version "0.4.19"
  resolved "https://registry.yarnpkg.com/iconv-lite/-/iconv-lite-0.4.19.tgz#f7468f60135f5e5dad3399c0a81be9a1603a082b"

inherits@2.0.3:
  version "2.0.3"
  resolved "https://registry.yarnpkg.com/inherits/-/inherits-2.0.3.tgz#633c2c83e3da42a502f52466022480f4208261de"

ipaddr.js@1.6.0:
  version "1.6.0"
  resolved "https://registry.yarnpkg.com/ipaddr.js/-/ipaddr.js-1.6.0.tgz#e3fa357b773da619f26e95f049d055c72796f86b"

is-typedarray@~1.0.0:
  version "1.0.0"
  resolved "https://registry.yarnpkg.com/is-typedarray/-/is-typedarray-1.0.0.tgz#e479c80858df0c1b11ddda6940f96011fcda4a9a"

isstream@~0.1.2:
  version "0.1.2"
  resolved "https://registry.yarnpkg.com/isstream/-/isstream-0.1.2.tgz#47e63f7af55afa6f92e1500e690eb8b8529c099a"

jsbn@~0.1.0:
  version "0.1.1"
  resolved "https://registry.yarnpkg.com/jsbn/-/jsbn-0.1.1.tgz#a5e654c2e5a2deb5f201d96cefbca80c0ef2f513"

json-schema-traverse@^0.3.0:
  version "0.3.1"
  resolved "https://registry.yarnpkg.com/json-schema-traverse/-/json-schema-traverse-0.3.1.tgz#349a6d44c53a51de89b40805c5d5e59b417d3340"

json-schema@0.2.3:
  version "0.2.3"
  resolved "https://registry.yarnpkg.com/json-schema/-/json-schema-0.2.3.tgz#b480c892e59a2f05954ce727bd3f2a4e882f9e13"

json-stringify-safe@~5.0.1:
  version "5.0.1"
  resolved "https://registry.yarnpkg.com/json-stringify-safe/-/json-stringify-safe-5.0.1.tgz#1296a2d58fd45f19a0f6ce01d65701e2c735b6eb"

jsprim@^1.2.2:
  version "1.4.1"
  resolved "https://registry.yarnpkg.com/jsprim/-/jsprim-1.4.1.tgz#313e66bc1e5cc06e438bc1b7499c2e5c56acb6a2"
  dependencies:
    assert-plus "1.0.0"
    extsprintf "1.3.0"
    json-schema "0.2.3"
    verror "1.10.0"

media-typer@0.3.0:
  version "0.3.0"
  resolved "https://registry.yarnpkg.com/media-typer/-/media-typer-0.3.0.tgz#8710d7af0aa626f8fffa1ce00168545263255748"

merge-descriptors@1.0.1:
  version "1.0.1"
  resolved "https://registry.yarnpkg.com/merge-descriptors/-/merge-descriptors-1.0.1.tgz#b00aaa556dd8b44568150ec9d1b953f3f90cbb61"

methods@~1.1.2:
  version "1.1.2"
  resolved "https://registry.yarnpkg.com/methods/-/methods-1.1.2.tgz#5529a4d67654134edcc5266656835b0f851afcee"

mime-db@~1.33.0:
  version "1.33.0"
  resolved "https://registry.yarnpkg.com/mime-db/-/mime-db-1.33.0.tgz#a3492050a5cb9b63450541e39d9788d2272783db"

mime-types@^2.1.12, mime-types@~2.1.17, mime-types@~2.1.18:
  version "2.1.18"
  resolved "https://registry.yarnpkg.com/mime-types/-/mime-types-2.1.18.tgz#6f323f60a83d11146f831ff11fd66e2fe5503bb8"
  dependencies:
    mime-db "~1.33.0"

mime@1.4.1:
  version "1.4.1"
  resolved "https://registry.yarnpkg.com/mime/-/mime-1.4.1.tgz#121f9ebc49e3766f311a76e1fa1c8003c4b03aa6"

ms@2.0.0:
  version "2.0.0"
  resolved "https://registry.yarnpkg.com/ms/-/ms-2.0.0.tgz#5608aeadfc00be6c2901df5f9861788de0d597c8"

negotiator@0.6.1:
  version "0.6.1"
  resolved "https://registry.yarnpkg.com/negotiator/-/negotiator-0.6.1.tgz#2b327184e8992101177b28563fb5e7102acd0ca9"

oauth-sign@~0.8.2:
  version "0.8.2"
  resolved "https://registry.yarnpkg.com/oauth-sign/-/oauth-sign-0.8.2.tgz#46a6ab7f0aead8deae9ec0565780b7d4efeb9d43"

object-assign@^4:
  version "4.1.1"
  resolved "https://registry.yarnpkg.com/object-assign/-/object-assign-4.1.1.tgz#2109adc7965887cfc05cbbd442cac8bfbb360863"

on-finished@~2.3.0:
  version "2.3.0"
  resolved "https://registry.yarnpkg.com/on-finished/-/on-finished-2.3.0.tgz#20f1336481b083cd75337992a16971aa2d906947"
  dependencies:
    ee-first "1.1.1"

parseurl@~1.3.2:
  version "1.3.2"
  resolved "https://registry.yarnpkg.com/parseurl/-/parseurl-1.3.2.tgz#fc289d4ed8993119460c156253262cdc8de65bf3"

path-to-regexp@0.1.7:
  version "0.1.7"
  resolved "https://registry.yarnpkg.com/path-to-regexp/-/path-to-regexp-0.1.7.tgz#df604178005f522f15eb4490e7247a1bfaa67f8c"

performance-now@^2.1.0:
  version "2.1.0"
  resolved "https://registry.yarnpkg.com/performance-now/-/performance-now-2.1.0.tgz#6309f4e0e5fa913ec1c69307ae364b4b377c9e7b"

proxy-addr@~2.0.3:
  version "2.0.3"
  resolved "https://registry.yarnpkg.com/proxy-addr/-/proxy-addr-2.0.3.tgz#355f262505a621646b3130a728eb647e22055341"
  dependencies:
    forwarded "~0.1.2"
    ipaddr.js "1.6.0"

punycode@^1.4.1:
  version "1.4.1"
  resolved "https://registry.yarnpkg.com/punycode/-/punycode-1.4.1.tgz#c0d5a63b2718800ad8e1eb0fa5269c84dd41845e"

qs@6.5.1:
  version "6.5.1"
  resolved "https://registry.yarnpkg.com/qs/-/qs-6.5.1.tgz#349cdf6eef89ec45c12d7d5eb3fc0c870343a6d8"

qs@~6.5.1:
  version "6.5.2"
  resolved "https://registry.yarnpkg.com/qs/-/qs-6.5.2.tgz#cb3ae806e8740444584ef154ce8ee98d403f3e36"

querystring@~0.2.0:
  version "0.2.0"
  resolved "https://registry.yarnpkg.com/querystring/-/querystring-0.2.0.tgz#b209849203bb25df820da756e747005878521620"

range-parser@~1.2.0:
  version "1.2.0"
  resolved "https://registry.yarnpkg.com/range-parser/-/range-parser-1.2.0.tgz#f49be6b487894ddc40dcc94a322f611092e00d5e"

raw-body@2.3.2:
  version "2.3.2"
  resolved "https://registry.yarnpkg.com/raw-body/-/raw-body-2.3.2.tgz#bcd60c77d3eb93cde0050295c3f379389bc88f89"
  dependencies:
    bytes "3.0.0"
    http-errors "1.6.2"
    iconv-lite "0.4.19"
    unpipe "1.0.0"

request@~2.83.0:
  version "2.83.0"
  resolved "https://registry.yarnpkg.com/request/-/request-2.83.0.tgz#ca0b65da02ed62935887808e6f510381034e3356"
  dependencies:
    aws-sign2 "~0.7.0"
    aws4 "^1.6.0"
    caseless "~0.12.0"
    combined-stream "~1.0.5"
    extend "~3.0.1"
    forever-agent "~0.6.1"
    form-data "~2.3.1"
    har-validator "~5.0.3"
    hawk "~6.0.2"
    http-signature "~1.2.0"
    is-typedarray "~1.0.0"
    isstream "~0.1.2"
    json-stringify-safe "~5.0.1"
    mime-types "~2.1.17"
    oauth-sign "~0.8.2"
    performance-now "^2.1.0"
    qs "~6.5.1"
    safe-buffer "^5.1.1"
    stringstream "~0.0.5"
    tough-cookie "~2.3.3"
    tunnel-agent "^0.6.0"
    uuid "^3.1.0"

safe-buffer@5.1.1:
  version "5.1.1"
  resolved "https://registry.yarnpkg.com/safe-buffer/-/safe-buffer-5.1.1.tgz#893312af69b2123def71f57889001671eeb2c853"

safe-buffer@^5.0.1, safe-buffer@^5.1.1:
  version "5.1.2"
  resolved "https://registry.yarnpkg.com/safe-buffer/-/safe-buffer-5.1.2.tgz#991ec69d296e0313747d59bdfd2b745c35f8828d"

safer-buffer@^2.0.2:
  version "2.1.2"
  resolved "https://registry.yarnpkg.com/safer-buffer/-/safer-buffer-2.1.2.tgz#44fa161b0187b9549dd84bb91802f9bd8385cd6a"

send@0.16.2:
  version "0.16.2"
  resolved "https://registry.yarnpkg.com/send/-/send-0.16.2.tgz#6ecca1e0f8c156d141597559848df64730a6bbc1"
  dependencies:
    debug "2.6.9"
    depd "~1.1.2"
    destroy "~1.0.4"
    encodeurl "~1.0.2"
    escape-html "~1.0.3"
    etag "~1.8.1"
    fresh "0.5.2"
    http-errors "~1.6.2"
    mime "1.4.1"
    ms "2.0.0"
    on-finished "~2.3.0"
    range-parser "~1.2.0"
    statuses "~1.4.0"

serve-static@1.13.2:
  version "1.13.2"
  resolved "https://registry.yarnpkg.com/serve-static/-/serve-static-1.13.2.tgz#095e8472fd5b46237db50ce486a43f4b86c6cec1"
  dependencies:
    encodeurl "~1.0.2"
    escape-html "~1.0.3"
    parseurl "~1.3.2"
    send "0.16.2"

setprototypeof@1.0.3:
  version "1.0.3"
  resolved "https://registry.yarnpkg.com/setprototypeof/-/setprototypeof-1.0.3.tgz#66567e37043eeb4f04d91bd658c0cbefb55b8e04"

setprototypeof@1.1.0:
  version "1.1.0"
  resolved "https://registry.yarnpkg.com/setprototypeof/-/setprototypeof-1.1.0.tgz#d0bd85536887b6fe7c0d818cb962d9d91c54e656"

sntp@2.x.x:
  version "2.1.0"
  resolved "https://registry.yarnpkg.com/sntp/-/sntp-2.1.0.tgz#2c6cec14fedc2222739caf9b5c3d85d1cc5a2cc8"
  dependencies:
    hoek "4.x.x"

sshpk@^1.7.0:
  version "1.14.2"
  resolved "https://registry.yarnpkg.com/sshpk/-/sshpk-1.14.2.tgz#c6fc61648a3d9c4e764fd3fcdf4ea105e492ba98"
  dependencies:
    asn1 "~0.2.3"
    assert-plus "^1.0.0"
    dashdash "^1.12.0"
    getpass "^0.1.1"
    safer-buffer "^2.0.2"
  optionalDependencies:
    bcrypt-pbkdf "^1.0.0"
    ecc-jsbn "~0.1.1"
    jsbn "~0.1.0"
    tweetnacl "~0.14.0"

"statuses@>= 1.3.1 < 2", "statuses@>= 1.4.0 < 2":
  version "1.5.0"
  resolved "https://registry.yarnpkg.com/statuses/-/statuses-1.5.0.tgz#161c7dac177659fd9811f43771fa99381478628c"

statuses@~1.4.0:
  version "1.4.0"
  resolved "https://registry.yarnpkg.com/statuses/-/statuses-1.4.0.tgz#bb73d446da2796106efcc1b601a253d6c46bd087"

stringstream@~0.0.5:
  version "0.0.6"
  resolved "https://registry.yarnpkg.com/stringstream/-/stringstream-0.0.6.tgz#7880225b0d4ad10e30927d167a1d6f2fd3b33a72"

tough-cookie@~2.3.3:
  version "2.3.4"
  resolved "https://registry.yarnpkg.com/tough-cookie/-/tough-cookie-2.3.4.tgz#ec60cee38ac675063ffc97a5c18970578ee83655"
  dependencies:
    punycode "^1.4.1"

tunnel-agent@^0.6.0:
  version "0.6.0"
  resolved "https://registry.yarnpkg.com/tunnel-agent/-/tunnel-agent-0.6.0.tgz#27a5dea06b36b04a0a9966774b290868f0fc40fd"
  dependencies:
    safe-buffer "^5.0.1"

tweetnacl@^0.14.3, tweetnacl@~0.14.0:
  version "0.14.5"
  resolved "https://registry.yarnpkg.com/tweetnacl/-/tweetnacl-0.14.5.tgz#5ae68177f192d4456269d108afa93ff8743f4f64"

type-is@~1.6.15, type-is@~1.6.16:
  version "1.6.16"
  resolved "https://registry.yarnpkg.com/type-is/-/type-is-1.6.16.tgz#f89ce341541c672b25ee7ae3c73dee3b2be50194"
  dependencies:
    media-typer "0.3.0"
    mime-types "~2.1.18"

unpipe@1.0.0, unpipe@~1.0.0:
  version "1.0.0"
  resolved "https://registry.yarnpkg.com/unpipe/-/unpipe-1.0.0.tgz#b2bf4ee8514aae6165b4817829d21b2ef49904ec"

utils-merge@1.0.1:
  version "1.0.1"
  resolved "https://registry.yarnpkg.com/utils-merge/-/utils-merge-1.0.1.tgz#9f95710f50a267947b2ccc124741c1028427e713"

uuid@^3.1.0:
  version "3.3.0"
  resolved "https://registry.yarnpkg.com/uuid/-/uuid-3.3.0.tgz#b237147804881d7b86f40a7ff8f590f15c37de32"

vary@^1, vary@~1.1.2:
  version "1.1.2"
  resolved "https://registry.yarnpkg.com/vary/-/vary-1.1.2.tgz#2299f02c6ded30d4a5961b0b9f74524a18f634fc"

verror@1.10.0:
  version "1.10.0"
  resolved "https://registry.yarnpkg.com/verror/-/verror-1.10.0.tgz#3a105ca17053af55d6e270c1f8288682e18da400"
  dependencies:
    assert-plus "^1.0.0"
    core-util-is "1.0.2"
    extsprintf "^1.2.0"
